
Microsoft Visual Studio Solution File, Format Version 12.00
# Visual Studio Version 17
VisualStudioVersion = 17.14.36301.6 d17.14
MinimumVisualStudioVersion = 10.0.40219.1
Project("{FAE04EC0-301F-11D3-BF4B-00C04F79EFBC}") = "Task_Management_Project", "Task_Management_Project.csproj", "{9AEB1418-C773-41A4-AC5B-97D2244B985E}"
EndProject
Global
	GlobalSection(SolutionConfigurationPlatforms) = preSolution
		Debug|Any CPU = Debug|Any CPU
		Release|Any CPU = Release|Any CPU
	EndGlobalSection
	GlobalSection(ProjectConfigurationPlatforms) = postSolution
		{9AEB1418-C773-41A4-AC5B-97D2244B985E}.Debug|Any CPU.ActiveCfg = Debug|Any CPU
		{9AEB1418-C773-41A4-AC5B-97D2244B985E}.Debug|Any CPU.Build.0 = Debug|Any CPU
		{9AEB1418-C773-41A4-AC5B-97D2244B985E}.Release|Any CPU.ActiveCfg = Release|Any CPU
		{9AEB1418-C773-41A4-AC5B-97D2244B985E}.Release|Any CPU.Build.0 = Release|Any CPU
	EndGlobalSection
	GlobalSection(SolutionProperties) = preSolution
		HideSolutionNode = FALSE
	EndGlobalSection
	GlobalSection(ExtensibilityGlobals) = postSolution
		SolutionGuid = {84EDE2AD-5629-472C-8153-69DBDBCA2310}
	EndGlobalSection
EndGlobal
